
Microsoft Visual Studio Solution File, Format Version 12.00
# Visual Studio Version 17
VisualStudioVersion = 17.4.33110.190
MinimumVisualStudioVersion = 10.0.40219.1
Project("{FAE04EC0-301F-11D3-BF4B-00C04F79EFBC}") = "SpecsheetRetriever", "SpecsheetRetriever\SpecsheetRetriever.csproj", "{FF200B9E-5011-4D63-B14F-C7521E683F1D}"
EndProject
Global
	GlobalSection(SolutionConfigurationPlatforms) = preSolution
		Debug|Any CPU = Debug|Any CPU
		Release|Any CPU = Release|Any CPU
	EndGlobalSection
	GlobalSection(ProjectConfigurationPlatforms) = postSolution
		{FF200B9E-5011-4D63-B14F-C7521E683F1D}.Debug|Any CPU.ActiveCfg = Debug|Any CPU
		{FF200B9E-5011-4D63-B14F-C7521E683F1D}.Debug|Any CPU.Build.0 = Debug|Any CPU
		{FF200B9E-5011-4D63-B14F-C7521E683F1D}.Release|Any CPU.ActiveCfg = Release|Any CPU
		{FF200B9E-5011-4D63-B14F-C7521E683F1D}.Release|Any CPU.Build.0 = Release|Any CPU
	EndGlobalSection
	GlobalSection(SolutionProperties) = preSolution
		HideSolutionNode = FALSE
	EndGlobalSection
	GlobalSection(ExtensibilityGlobals) = postSolution
		SolutionGuid = {B5ED03AA-22C8-426F-915A-13C7492E1E33}
	EndGlobalSection
EndGlobal
